
Microsoft Visual Studio Solution File, Format Version 12.00
# Visual Studio 15
VisualStudioVersion = 15.0.28307.1267
MinimumVisualStudioVersion = 10.0.40219.1
Project("{9A19103F-16F7-4668-BE54-9A1E7A4F7556}") = "CSharpAdvancedProgramming", "CSharpAdvancedProgramming\CSharpAdvancedProgramming.csproj", "{4313508E-797C-453A-B39E-49319AC9E95D}"
EndProject
Project("{9A19103F-16F7-4668-BE54-9A1E7A4F7556}") = "MyAttribute", "MyAttribute\MyAttribute.csproj", "{89C98FFF-278F-4833-94E0-EFF29F5DA98C}"
EndProject
Project("{FAE04EC0-301F-11D3-BF4B-00C04F79EFBC}") = "MyDelegate", "MyDelegate\MyDelegate.csproj", "{D5AFA9EF-DAD1-49FA-B249-BFE1DCF00C0E}"
EndProject
Global
	GlobalSection(SolutionConfigurationPlatforms) = preSolution
		Debug|Any CPU = Debug|Any CPU
		Release|Any CPU = Release|Any CPU
	EndGlobalSection
	GlobalSection(ProjectConfigurationPlatforms) = postSolution
		{4313508E-797C-453A-B39E-49319AC9E95D}.Debug|Any CPU.ActiveCfg = Debug|Any CPU
		{4313508E-797C-453A-B39E-49319AC9E95D}.Debug|Any CPU.Build.0 = Debug|Any CPU
		{4313508E-797C-453A-B39E-49319AC9E95D}.Release|Any CPU.ActiveCfg = Release|Any CPU
		{4313508E-797C-453A-B39E-49319AC9E95D}.Release|Any CPU.Build.0 = Release|Any CPU
		{89C98FFF-278F-4833-94E0-EFF29F5DA98C}.Debug|Any CPU.ActiveCfg = Debug|Any CPU
		{89C98FFF-278F-4833-94E0-EFF29F5DA98C}.Debug|Any CPU.Build.0 = Debug|Any CPU
		{89C98FFF-278F-4833-94E0-EFF29F5DA98C}.Release|Any CPU.ActiveCfg = Release|Any CPU
		{89C98FFF-278F-4833-94E0-EFF29F5DA98C}.Release|Any CPU.Build.0 = Release|Any CPU
		{D5AFA9EF-DAD1-49FA-B249-BFE1DCF00C0E}.Debug|Any CPU.ActiveCfg = Debug|Any CPU
		{D5AFA9EF-DAD1-49FA-B249-BFE1DCF00C0E}.Debug|Any CPU.Build.0 = Debug|Any CPU
		{D5AFA9EF-DAD1-49FA-B249-BFE1DCF00C0E}.Release|Any CPU.ActiveCfg = Release|Any CPU
		{D5AFA9EF-DAD1-49FA-B249-BFE1DCF00C0E}.Release|Any CPU.Build.0 = Release|Any CPU
	EndGlobalSection
	GlobalSection(SolutionProperties) = preSolution
		HideSolutionNode = FALSE
	EndGlobalSection
	GlobalSection(ExtensibilityGlobals) = postSolution
		SolutionGuid = {C0D38A74-44FB-44DB-A624-E04FCBF141A4}
	EndGlobalSection
EndGlobal
