
Microsoft Visual Studio Solution File, Format Version 12.00
# Visual Studio Version 16
VisualStudioVersion = 16.0.31613.86
MinimumVisualStudioVersion = 10.0.40219.1
Project("{9A19103F-16F7-4668-BE54-9A1E7A4F7556}") = "CSharpAdvancedProgramming", "CSharpAdvancedProgramming\CSharpAdvancedProgramming.csproj", "{4313508E-797C-453A-B39E-49319AC9E95D}"
EndProject
Project("{9A19103F-16F7-4668-BE54-9A1E7A4F7556}") = "MyAttribute", "MyAttribute\MyAttribute.csproj", "{89C98FFF-278F-4833-94E0-EFF29F5DA98C}"
EndProject
Project("{9A19103F-16F7-4668-BE54-9A1E7A4F7556}") = "MyDelegate", "MyDelegate\MyDelegate.csproj", "{D5AFA9EF-DAD1-49FA-B249-BFE1DCF00C0E}"
EndProject
Project("{9A19103F-16F7-4668-BE54-9A1E7A4F7556}") = "MyTestTests", "MyTestTests\MyTestTests.csproj", "{F555C3DB-D224-4CB4-89A0-4DB2ED9CB9D8}"
EndProject
Project("{9A19103F-16F7-4668-BE54-9A1E7A4F7556}") = "NlogDemo", "NlogDemo\NlogDemo.csproj", "{D702A90E-FD36-4AE5-9CCC-690C6C99843D}"
EndProject
Project("{9A19103F-16F7-4668-BE54-9A1E7A4F7556}") = "MyTest", "MyTest\MyTest.csproj", "{D8D3AD86-6599-4D77-9AB5-48330AD45EC6}"
EndProject
Project("{9A19103F-16F7-4668-BE54-9A1E7A4F7556}") = "MyLock", "MyLock\MyLock.csproj", "{65DF7ED8-9988-46A8-93C6-9950FF857709}"
EndProject
Project("{9A19103F-16F7-4668-BE54-9A1E7A4F7556}") = "MyGenericity", "MyGenericity\MyGenericity.csproj", "{5C625D27-90A1-400E-B3AD-95D679ADBCBA}"
EndProject
Project("{9A19103F-16F7-4668-BE54-9A1E7A4F7556}") = "MyException", "MyException\MyException.csproj", "{C8647771-0EAD-49AA-A1FF-EC70D6A474C9}"
EndProject
Project("{FAE04EC0-301F-11D3-BF4B-00C04F79EFBC}") = "MyConfig", "MyConfig\MyConfig.csproj", "{15917E5E-0EC5-43AA-B4FD-D2ED755374CD}"
EndProject
Project("{9A19103F-16F7-4668-BE54-9A1E7A4F7556}") = "ManyHandle", "ManyHandle\ManyHandle.csproj", "{7B4D19EB-D39B-4CAF-BAC9-7DA50D46DA74}"
EndProject
Project("{9A19103F-16F7-4668-BE54-9A1E7A4F7556}") = "HttpTest", "HttpTest\HttpTest.csproj", "{6DC69B2E-D886-482A-A7CA-C431004A2D8A}"
EndProject
Global
	GlobalSection(SolutionConfigurationPlatforms) = preSolution
		Debug|Any CPU = Debug|Any CPU
		Release|Any CPU = Release|Any CPU
	EndGlobalSection
	GlobalSection(ProjectConfigurationPlatforms) = postSolution
		{4313508E-797C-453A-B39E-49319AC9E95D}.Debug|Any CPU.ActiveCfg = Debug|Any CPU
		{4313508E-797C-453A-B39E-49319AC9E95D}.Debug|Any CPU.Build.0 = Debug|Any CPU
		{4313508E-797C-453A-B39E-49319AC9E95D}.Release|Any CPU.ActiveCfg = Release|Any CPU
		{4313508E-797C-453A-B39E-49319AC9E95D}.Release|Any CPU.Build.0 = Release|Any CPU
		{89C98FFF-278F-4833-94E0-EFF29F5DA98C}.Debug|Any CPU.ActiveCfg = Debug|Any CPU
		{89C98FFF-278F-4833-94E0-EFF29F5DA98C}.Debug|Any CPU.Build.0 = Debug|Any CPU
		{89C98FFF-278F-4833-94E0-EFF29F5DA98C}.Release|Any CPU.ActiveCfg = Release|Any CPU
		{89C98FFF-278F-4833-94E0-EFF29F5DA98C}.Release|Any CPU.Build.0 = Release|Any CPU
		{D5AFA9EF-DAD1-49FA-B249-BFE1DCF00C0E}.Debug|Any CPU.ActiveCfg = Debug|Any CPU
		{D5AFA9EF-DAD1-49FA-B249-BFE1DCF00C0E}.Debug|Any CPU.Build.0 = Debug|Any CPU
		{D5AFA9EF-DAD1-49FA-B249-BFE1DCF00C0E}.Release|Any CPU.ActiveCfg = Release|Any CPU
		{D5AFA9EF-DAD1-49FA-B249-BFE1DCF00C0E}.Release|Any CPU.Build.0 = Release|Any CPU
		{F555C3DB-D224-4CB4-89A0-4DB2ED9CB9D8}.Debug|Any CPU.ActiveCfg = Debug|Any CPU
		{F555C3DB-D224-4CB4-89A0-4DB2ED9CB9D8}.Debug|Any CPU.Build.0 = Debug|Any CPU
		{F555C3DB-D224-4CB4-89A0-4DB2ED9CB9D8}.Release|Any CPU.ActiveCfg = Release|Any CPU
		{F555C3DB-D224-4CB4-89A0-4DB2ED9CB9D8}.Release|Any CPU.Build.0 = Release|Any CPU
		{D702A90E-FD36-4AE5-9CCC-690C6C99843D}.Debug|Any CPU.ActiveCfg = Debug|Any CPU
		{D702A90E-FD36-4AE5-9CCC-690C6C99843D}.Debug|Any CPU.Build.0 = Debug|Any CPU
		{D702A90E-FD36-4AE5-9CCC-690C6C99843D}.Release|Any CPU.ActiveCfg = Release|Any CPU
		{D702A90E-FD36-4AE5-9CCC-690C6C99843D}.Release|Any CPU.Build.0 = Release|Any CPU
		{D8D3AD86-6599-4D77-9AB5-48330AD45EC6}.Debug|Any CPU.ActiveCfg = Debug|Any CPU
		{D8D3AD86-6599-4D77-9AB5-48330AD45EC6}.Debug|Any CPU.Build.0 = Debug|Any CPU
		{D8D3AD86-6599-4D77-9AB5-48330AD45EC6}.Release|Any CPU.ActiveCfg = Release|Any CPU
		{D8D3AD86-6599-4D77-9AB5-48330AD45EC6}.Release|Any CPU.Build.0 = Release|Any CPU
		{65DF7ED8-9988-46A8-93C6-9950FF857709}.Debug|Any CPU.ActiveCfg = Debug|Any CPU
		{65DF7ED8-9988-46A8-93C6-9950FF857709}.Debug|Any CPU.Build.0 = Debug|Any CPU
		{65DF7ED8-9988-46A8-93C6-9950FF857709}.Release|Any CPU.ActiveCfg = Release|Any CPU
		{65DF7ED8-9988-46A8-93C6-9950FF857709}.Release|Any CPU.Build.0 = Release|Any CPU
		{5C625D27-90A1-400E-B3AD-95D679ADBCBA}.Debug|Any CPU.ActiveCfg = Debug|Any CPU
		{5C625D27-90A1-400E-B3AD-95D679ADBCBA}.Debug|Any CPU.Build.0 = Debug|Any CPU
		{5C625D27-90A1-400E-B3AD-95D679ADBCBA}.Release|Any CPU.ActiveCfg = Release|Any CPU
		{5C625D27-90A1-400E-B3AD-95D679ADBCBA}.Release|Any CPU.Build.0 = Release|Any CPU
		{C8647771-0EAD-49AA-A1FF-EC70D6A474C9}.Debug|Any CPU.ActiveCfg = Debug|Any CPU
		{C8647771-0EAD-49AA-A1FF-EC70D6A474C9}.Debug|Any CPU.Build.0 = Debug|Any CPU
		{C8647771-0EAD-49AA-A1FF-EC70D6A474C9}.Release|Any CPU.ActiveCfg = Release|Any CPU
		{C8647771-0EAD-49AA-A1FF-EC70D6A474C9}.Release|Any CPU.Build.0 = Release|Any CPU
		{15917E5E-0EC5-43AA-B4FD-D2ED755374CD}.Debug|Any CPU.ActiveCfg = Debug|Any CPU
		{15917E5E-0EC5-43AA-B4FD-D2ED755374CD}.Debug|Any CPU.Build.0 = Debug|Any CPU
		{15917E5E-0EC5-43AA-B4FD-D2ED755374CD}.Release|Any CPU.ActiveCfg = Release|Any CPU
		{15917E5E-0EC5-43AA-B4FD-D2ED755374CD}.Release|Any CPU.Build.0 = Release|Any CPU
		{7B4D19EB-D39B-4CAF-BAC9-7DA50D46DA74}.Debug|Any CPU.ActiveCfg = Debug|Any CPU
		{7B4D19EB-D39B-4CAF-BAC9-7DA50D46DA74}.Debug|Any CPU.Build.0 = Debug|Any CPU
		{7B4D19EB-D39B-4CAF-BAC9-7DA50D46DA74}.Release|Any CPU.ActiveCfg = Release|Any CPU
		{7B4D19EB-D39B-4CAF-BAC9-7DA50D46DA74}.Release|Any CPU.Build.0 = Release|Any CPU
		{6DC69B2E-D886-482A-A7CA-C431004A2D8A}.Debug|Any CPU.ActiveCfg = Debug|Any CPU
		{6DC69B2E-D886-482A-A7CA-C431004A2D8A}.Debug|Any CPU.Build.0 = Debug|Any CPU
		{6DC69B2E-D886-482A-A7CA-C431004A2D8A}.Release|Any CPU.ActiveCfg = Release|Any CPU
		{6DC69B2E-D886-482A-A7CA-C431004A2D8A}.Release|Any CPU.Build.0 = Release|Any CPU
	EndGlobalSection
	GlobalSection(SolutionProperties) = preSolution
		HideSolutionNode = FALSE
	EndGlobalSection
	GlobalSection(ExtensibilityGlobals) = postSolution
		SolutionGuid = {C0D38A74-44FB-44DB-A624-E04FCBF141A4}
	EndGlobalSection
EndGlobal
